
Microsoft Visual Studio Solution File, Format Version 12.00
# Visual Studio Version 16
VisualStudioVersion = 16.0.29920.165
MinimumVisualStudioVersion = 10.0.40219.1
Project("{9A19103F-16F7-4668-BE54-9A1E7A4F7556}") = "BlinkingButton", "BlinkingButton\BlinkingButton.csproj", "{138A15F3-0664-466A-A5F5-F40831C7EE03}"
EndProject
Project("{9A19103F-16F7-4668-BE54-9A1E7A4F7556}") = "IntersectTwoLists", "IntersectTwoLists\IntersectTwoLists.csproj", "{65DD709B-8678-4164-A57A-B00297CE61A9}"
EndProject
Project("{9A19103F-16F7-4668-BE54-9A1E7A4F7556}") = "HamburgerMenuCompositeExample", "HamburgerMenuCompositeExample\HamburgerMenuCompositeExample.csproj", "{372D68FA-D813-46CC-BAD2-CEA4068A7F10}"
EndProject
Project("{9A19103F-16F7-4668-BE54-9A1E7A4F7556}") = "HamburgerMenuAutoPaneOpening", "HamburgerMenuAutoPaneOpening\HamburgerMenuAutoPaneOpening.csproj", "{D172DE9C-1464-473B-9F0A-B08815360084}"
EndProject
Project("{9A19103F-16F7-4668-BE54-9A1E7A4F7556}") = "DataGridCellStyleExample", "DataGridCellStyleExample\DataGridCellStyleExample.csproj", "{8B330E02-6B61-43A2-A640-CC23E2088D2C}"
EndProject
Project("{9A19103F-16F7-4668-BE54-9A1E7A4F7556}") = "DelayShowProgressExample", "DelayShowProgressExample\DelayShowProgressExample.csproj", "{9023B498-8AB2-426C-AA1F-007513FB9CC1}"
EndProject
Project("{9A19103F-16F7-4668-BE54-9A1E7A4F7556}") = "FilterDataGridExample", "FilterDataGridExample\FilterDataGridExample.csproj", "{190FB1F9-1DD7-4134-8D5C-2AECAFDB5491}"
EndProject
Project("{9A19103F-16F7-4668-BE54-9A1E7A4F7556}") = "ListViewDetailsExample", "ListViewDetailsExample\ListViewDetailsExample.csproj", "{286B92EF-BCE7-4DC2-986C-D9D05F54FBE4}"
EndProject
Project("{FAE04EC0-301F-11D3-BF4B-00C04F79EFBC}") = "testEmbed", "testEmbed\testEmbed.csproj", "{B6D53E7D-7944-45EF-908E-26B15D0B8065}"
EndProject
Project("{9A19103F-16F7-4668-BE54-9A1E7A4F7556}") = "ComboBoxAndDataTableExample", "ComboBoxAndDataTableExample\ComboBoxAndDataTableExample.csproj", "{35346C24-15C8-418A-A04C-1B6B6AEB0051}"
EndProject
Project("{9A19103F-16F7-4668-BE54-9A1E7A4F7556}") = "CustomThemesExample", "CustomThemesExample\CustomThemesExample.csproj", "{9E08CE32-7BCA-49AC-BBFB-E78EB18F3BB4}"
EndProject
Project("{9A19103F-16F7-4668-BE54-9A1E7A4F7556}") = "WindowInDifferentThread", "WindowInDifferentThread\WindowInDifferentThread.csproj", "{B1ADADF5-6D15-430C-9DFB-3E669ADCCC34}"
EndProject
Project("{FAE04EC0-301F-11D3-BF4B-00C04F79EFBC}") = "DynamicDataExample", "DynamicDataExample\DynamicDataExample.csproj", "{28283D18-12FD-4B0B-9AC6-99E2FD0D24C0}"
EndProject
Global
	GlobalSection(SolutionConfigurationPlatforms) = preSolution
		Debug|Any CPU = Debug|Any CPU
		Release|Any CPU = Release|Any CPU
	EndGlobalSection
	GlobalSection(ProjectConfigurationPlatforms) = postSolution
		{138A15F3-0664-466A-A5F5-F40831C7EE03}.Debug|Any CPU.ActiveCfg = Debug|Any CPU
		{138A15F3-0664-466A-A5F5-F40831C7EE03}.Debug|Any CPU.Build.0 = Debug|Any CPU
		{138A15F3-0664-466A-A5F5-F40831C7EE03}.Release|Any CPU.ActiveCfg = Release|Any CPU
		{138A15F3-0664-466A-A5F5-F40831C7EE03}.Release|Any CPU.Build.0 = Release|Any CPU
		{65DD709B-8678-4164-A57A-B00297CE61A9}.Debug|Any CPU.ActiveCfg = Debug|Any CPU
		{65DD709B-8678-4164-A57A-B00297CE61A9}.Debug|Any CPU.Build.0 = Debug|Any CPU
		{65DD709B-8678-4164-A57A-B00297CE61A9}.Release|Any CPU.ActiveCfg = Release|Any CPU
		{65DD709B-8678-4164-A57A-B00297CE61A9}.Release|Any CPU.Build.0 = Release|Any CPU
		{372D68FA-D813-46CC-BAD2-CEA4068A7F10}.Debug|Any CPU.ActiveCfg = Debug|Any CPU
		{372D68FA-D813-46CC-BAD2-CEA4068A7F10}.Debug|Any CPU.Build.0 = Debug|Any CPU
		{372D68FA-D813-46CC-BAD2-CEA4068A7F10}.Release|Any CPU.ActiveCfg = Release|Any CPU
		{372D68FA-D813-46CC-BAD2-CEA4068A7F10}.Release|Any CPU.Build.0 = Release|Any CPU
		{D172DE9C-1464-473B-9F0A-B08815360084}.Debug|Any CPU.ActiveCfg = Debug|Any CPU
		{D172DE9C-1464-473B-9F0A-B08815360084}.Debug|Any CPU.Build.0 = Debug|Any CPU
		{D172DE9C-1464-473B-9F0A-B08815360084}.Release|Any CPU.ActiveCfg = Release|Any CPU
		{D172DE9C-1464-473B-9F0A-B08815360084}.Release|Any CPU.Build.0 = Release|Any CPU
		{8B330E02-6B61-43A2-A640-CC23E2088D2C}.Debug|Any CPU.ActiveCfg = Debug|Any CPU
		{8B330E02-6B61-43A2-A640-CC23E2088D2C}.Debug|Any CPU.Build.0 = Debug|Any CPU
		{8B330E02-6B61-43A2-A640-CC23E2088D2C}.Release|Any CPU.ActiveCfg = Release|Any CPU
		{8B330E02-6B61-43A2-A640-CC23E2088D2C}.Release|Any CPU.Build.0 = Release|Any CPU
		{9023B498-8AB2-426C-AA1F-007513FB9CC1}.Debug|Any CPU.ActiveCfg = Debug|Any CPU
		{9023B498-8AB2-426C-AA1F-007513FB9CC1}.Debug|Any CPU.Build.0 = Debug|Any CPU
		{9023B498-8AB2-426C-AA1F-007513FB9CC1}.Release|Any CPU.ActiveCfg = Release|Any CPU
		{9023B498-8AB2-426C-AA1F-007513FB9CC1}.Release|Any CPU.Build.0 = Release|Any CPU
		{190FB1F9-1DD7-4134-8D5C-2AECAFDB5491}.Debug|Any CPU.ActiveCfg = Debug|Any CPU
		{190FB1F9-1DD7-4134-8D5C-2AECAFDB5491}.Debug|Any CPU.Build.0 = Debug|Any CPU
		{190FB1F9-1DD7-4134-8D5C-2AECAFDB5491}.Release|Any CPU.ActiveCfg = Release|Any CPU
		{190FB1F9-1DD7-4134-8D5C-2AECAFDB5491}.Release|Any CPU.Build.0 = Release|Any CPU
		{286B92EF-BCE7-4DC2-986C-D9D05F54FBE4}.Debug|Any CPU.ActiveCfg = Debug|Any CPU
		{286B92EF-BCE7-4DC2-986C-D9D05F54FBE4}.Debug|Any CPU.Build.0 = Debug|Any CPU
		{286B92EF-BCE7-4DC2-986C-D9D05F54FBE4}.Release|Any CPU.ActiveCfg = Release|Any CPU
		{286B92EF-BCE7-4DC2-986C-D9D05F54FBE4}.Release|Any CPU.Build.0 = Release|Any CPU
		{B6D53E7D-7944-45EF-908E-26B15D0B8065}.Debug|Any CPU.ActiveCfg = Debug|Any CPU
		{B6D53E7D-7944-45EF-908E-26B15D0B8065}.Debug|Any CPU.Build.0 = Debug|Any CPU
		{B6D53E7D-7944-45EF-908E-26B15D0B8065}.Release|Any CPU.ActiveCfg = Release|Any CPU
		{B6D53E7D-7944-45EF-908E-26B15D0B8065}.Release|Any CPU.Build.0 = Release|Any CPU
		{35346C24-15C8-418A-A04C-1B6B6AEB0051}.Debug|Any CPU.ActiveCfg = Debug|Any CPU
		{35346C24-15C8-418A-A04C-1B6B6AEB0051}.Debug|Any CPU.Build.0 = Debug|Any CPU
		{35346C24-15C8-418A-A04C-1B6B6AEB0051}.Release|Any CPU.ActiveCfg = Release|Any CPU
		{35346C24-15C8-418A-A04C-1B6B6AEB0051}.Release|Any CPU.Build.0 = Release|Any CPU
		{9E08CE32-7BCA-49AC-BBFB-E78EB18F3BB4}.Debug|Any CPU.ActiveCfg = Debug|Any CPU
		{9E08CE32-7BCA-49AC-BBFB-E78EB18F3BB4}.Debug|Any CPU.Build.0 = Debug|Any CPU
		{9E08CE32-7BCA-49AC-BBFB-E78EB18F3BB4}.Release|Any CPU.ActiveCfg = Release|Any CPU
		{9E08CE32-7BCA-49AC-BBFB-E78EB18F3BB4}.Release|Any CPU.Build.0 = Release|Any CPU
		{B1ADADF5-6D15-430C-9DFB-3E669ADCCC34}.Debug|Any CPU.ActiveCfg = Debug|Any CPU
		{B1ADADF5-6D15-430C-9DFB-3E669ADCCC34}.Debug|Any CPU.Build.0 = Debug|Any CPU
		{B1ADADF5-6D15-430C-9DFB-3E669ADCCC34}.Release|Any CPU.ActiveCfg = Release|Any CPU
		{B1ADADF5-6D15-430C-9DFB-3E669ADCCC34}.Release|Any CPU.Build.0 = Release|Any CPU
		{28283D18-12FD-4B0B-9AC6-99E2FD0D24C0}.Debug|Any CPU.ActiveCfg = Debug|Any CPU
		{28283D18-12FD-4B0B-9AC6-99E2FD0D24C0}.Debug|Any CPU.Build.0 = Debug|Any CPU
		{28283D18-12FD-4B0B-9AC6-99E2FD0D24C0}.Release|Any CPU.ActiveCfg = Release|Any CPU
		{28283D18-12FD-4B0B-9AC6-99E2FD0D24C0}.Release|Any CPU.Build.0 = Release|Any CPU
	EndGlobalSection
	GlobalSection(SolutionProperties) = preSolution
		HideSolutionNode = FALSE
	EndGlobalSection
	GlobalSection(ExtensibilityGlobals) = postSolution
		SolutionGuid = {D7BD19B9-B946-4301-BAF7-8BCBFDB7496A}
	EndGlobalSection
EndGlobal
